// !$*UTF8*$!
{
	archiveVersion = 1;
	classes = {
	};
	objectVersion = 48;
	objects = {

/* Begin PBXBuildFile section */
		A79867EB1F9599CF00E4D64A /* AppDelegate.swift in Sources */ = {isa = PBXBuildFile; fileRef = A79867EA1F9599CF00E4D64A /* AppDelegate.swift */; };
		A79867F01F9599CF00E4D64A /* Main.storyboard in Resources */ = {isa = PBXBuildFile; fileRef = A79867EE1F9599CF00E4D64A /* Main.storyboard */; };
		A79867F21F9599CF00E4D64A /* Assets.xcassets in Resources */ = {isa = PBXBuildFile; fileRef = A79867F11F9599CF00E4D64A /* Assets.xcassets */; };
		A79867F51F9599CF00E4D64A /* LaunchScreen.storyboard in Resources */ = {isa = PBXBuildFile; fileRef = A79867F31F9599CF00E4D64A /* LaunchScreen.storyboard */; };
		A79868011F95A0F800E4D64A /* ListVC.swift in Sources */ = {isa = PBXBuildFile; fileRef = A79868001F95A0F800E4D64A /* ListVC.swift */; };
		A7E5A56C1F95A43100591E98 /* PageVC.swift in Sources */ = {isa = PBXBuildFile; fileRef = A7E5A56B1F95A43100591E98 /* PageVC.swift */; };
		A7E5A56E1F95AB5200591E98 /* DetailVC.swift in Sources */ = {isa = PBXBuildFile; fileRef = A7E5A56D1F95AB5200591E98 /* DetailVC.swift */; };
		A7F54FF01FA521970059ACB2 /* WeatherLocation.swift in Sources */ = {isa = PBXBuildFile; fileRef = A7F54FEF1FA521970059ACB2 /* WeatherLocation.swift */; };
		A7F54FF21FA53F4E0059ACB2 /* constants.swift in Sources */ = {isa = PBXBuildFile; fileRef = A7F54FF11FA53F4E0059ACB2 /* constants.swift */; };
		A7F54FF41FA67B200059ACB2 /* DayWeatherCell.swift in Sources */ = {isa = PBXBuildFile; fileRef = A7F54FF31FA67B200059ACB2 /* DayWeatherCell.swift */; };
		ABCF8BE9185638D3B51FE64D /* Pods_WeatherGift.framework in Frameworks */ = {isa = PBXBuildFile; fileRef = AC027019F4E6EEA23D4E3AE9 /* Pods_WeatherGift.framework */; };
/* End PBXBuildFile section */

/* Begin PBXFileReference section */
		62F525CB0F68D6DC1D72CC85 /* Pods-WeatherGift.debug.xcconfig */ = {isa = PBXFileReference; includeInIndex = 1; lastKnownFileType = text.xcconfig; name = "Pods-WeatherGift.debug.xcconfig"; path = "Pods/Target Support Files/Pods-WeatherGift/Pods-WeatherGift.debug.xcconfig"; sourceTree = "<group>"; };
		76E6328A2ECFDD8DEB85DF58 /* Pods-WeatherGift.release.xcconfig */ = {isa = PBXFileReference; includeInIndex = 1; lastKnownFileType = text.xcconfig; name = "Pods-WeatherGift.release.xcconfig"; path = "Pods/Target Support Files/Pods-WeatherGift/Pods-WeatherGift.release.xcconfig"; sourceTree = "<group>"; };
		A79867E71F9599CF00E4D64A /* WeatherGift.app */ = {isa = PBXFileReference; explicitFileType = wrapper.application; includeInIndex = 0; path = WeatherGift.app; sourceTree = BUILT_PRODUCTS_DIR; };
		A79867EA1F9599CF00E4D64A /* AppDelegate.swift */ = {isa = PBXFileReference; lastKnownFileType = sourcecode.swift; path = AppDelegate.swift; sourceTree = "<group>"; };
		A79867EF1F9599CF00E4D64A /* Base */ = {isa = PBXFileReference; lastKnownFileType = file.storyboard; name = Base; path = Base.lproj/Main.storyboard; sourceTree = "<group>"; };
		A79867F11F9599CF00E4D64A /* Assets.xcassets */ = {isa = PBXFileReference; lastKnownFileType = folder.assetcatalog; path = Assets.xcassets; sourceTree = "<group>"; };
		A79867F41F9599CF00E4D64A /* Base */ = {isa = PBXFileReference; lastKnownFileType = file.storyboard; name = Base; path = Base.lproj/LaunchScreen.storyboard; sourceTree = "<group>"; };
		A79867F61F9599CF00E4D64A /* Info.plist */ = {isa = PBXFileReference; lastKnownFileType = text.plist.xml; path = Info.plist; sourceTree = "<group>"; };
		A79868001F95A0F800E4D64A /* ListVC.swift */ = {isa = PBXFileReference; lastKnownFileType = sourcecode.swift; path = ListVC.swift; sourceTree = "<group>"; };
		A7E5A56B1F95A43100591E98 /* PageVC.swift */ = {isa = PBXFileReference; lastKnownFileType = sourcecode.swift; path = PageVC.swift; sourceTree = "<group>"; };
		A7E5A56D1F95AB5200591E98 /* DetailVC.swift */ = {isa = PBXFileReference; lastKnownFileType = sourcecode.swift; path = DetailVC.swift; sourceTree = "<group>"; };
		A7F54FEF1FA521970059ACB2 /* WeatherLocation.swift */ = {isa = PBXFileReference; lastKnownFileType = sourcecode.swift; path = WeatherLocation.swift; sourceTree = "<group>"; };
		A7F54FF11FA53F4E0059ACB2 /* constants.swift */ = {isa = PBXFileReference; lastKnownFileType = sourcecode.swift; path = constants.swift; sourceTree = "<group>"; };
		A7F54FF31FA67B200059ACB2 /* DayWeatherCell.swift */ = {isa = PBXFileReference; lastKnownFileType = sourcecode.swift; path = DayWeatherCell.swift; sourceTree = "<group>"; };
		AC027019F4E6EEA23D4E3AE9 /* Pods_WeatherGift.framework */ = {isa = PBXFileReference; explicitFileType = wrapper.framework; includeInIndex = 0; path = Pods_WeatherGift.framework; sourceTree = BUILT_PRODUCTS_DIR; };
/* End PBXFileReference section */

/* Begin PBXFrameworksBuildPhase section */
		A79867E41F9599CF00E4D64A /* Frameworks */ = {
			isa = PBXFrameworksBuildPhase;
			buildActionMask = 2147483647;
			files = (
				ABCF8BE9185638D3B51FE64D /* Pods_WeatherGift.framework in Frameworks */,
			);
			runOnlyForDeploymentPostprocessing = 0;
		};
/* End PBXFrameworksBuildPhase section */

/* Begin PBXGroup section */
		469AF25DEC553A4B5D1FFCA0 /* Frameworks */ = {
			isa = PBXGroup;
			children = (
				AC027019F4E6EEA23D4E3AE9 /* Pods_WeatherGift.framework */,
			);
			name = Frameworks;
			sourceTree = "<group>";
		};
		A79867DE1F9599CF00E4D64A = {
			isa = PBXGroup;
			children = (
				A79867E91F9599CF00E4D64A /* WeatherGift */,
				A79867E81F9599CF00E4D64A /* Products */,
				CBBE1EC6B7C8AAB555509A86 /* Pods */,
				469AF25DEC553A4B5D1FFCA0 /* Frameworks */,
			);
			sourceTree = "<group>";
		};
		A79867E81F9599CF00E4D64A /* Products */ = {
			isa = PBXGroup;
			children = (
				A79867E71F9599CF00E4D64A /* WeatherGift.app */,
			);
			name = Products;
			sourceTree = "<group>";
		};
		A79867E91F9599CF00E4D64A /* WeatherGift */ = {
			isa = PBXGroup;
			children = (
				A79867EA1F9599CF00E4D64A /* AppDelegate.swift */,
				A7E5A56B1F95A43100591E98 /* PageVC.swift */,
				A7E5A56D1F95AB5200591E98 /* DetailVC.swift */,
				A7F54FF31FA67B200059ACB2 /* DayWeatherCell.swift */,
				A79868001F95A0F800E4D64A /* ListVC.swift */,
				A7F54FEF1FA521970059ACB2 /* WeatherLocation.swift */,
				A7F54FF11FA53F4E0059ACB2 /* constants.swift */,
				A79867EE1F9599CF00E4D64A /* Main.storyboard */,
				A79867F11F9599CF00E4D64A /* Assets.xcassets */,
				A79867F31F9599CF00E4D64A /* LaunchScreen.storyboard */,
				A79867F61F9599CF00E4D64A /* Info.plist */,
			);
			path = WeatherGift;
			sourceTree = "<group>";
		};
		CBBE1EC6B7C8AAB555509A86 /* Pods */ = {
			isa = PBXGroup;
			children = (
				62F525CB0F68D6DC1D72CC85 /* Pods-WeatherGift.debug.xcconfig */,
				76E6328A2ECFDD8DEB85DF58 /* Pods-WeatherGift.release.xcconfig */,
			);
			name = Pods;
			sourceTree = "<group>";
		};
/* End PBXGroup section */

/* Begin PBXNativeTarget section */
		A79867E61F9599CF00E4D64A /* WeatherGift */ = {
			isa = PBXNativeTarget;
			buildConfigurationList = A79867F91F9599CF00E4D64A /* Build configuration list for PBXNativeTarget "WeatherGift" */;
			buildPhases = (
				AF3E3F769BF115146A70BE92 /* [CP] Check Pods Manifest.lock */,
				A79867E31F9599CF00E4D64A /* Sources */,
				A79867E41F9599CF00E4D64A /* Frameworks */,
				A79867E51F9599CF00E4D64A /* Resources */,
				D924CFD5DEB660E3E4FBEA21 /* [CP] Embed Pods Frameworks */,
				7C84D6E624D355B33C5A35AA /* [CP] Copy Pods Resources */,
			);
			buildRules = (
			);
			dependencies = (
			);
			name = WeatherGift;
			productName = WeatherGift;
			productReference = A79867E71F9599CF00E4D64A /* WeatherGift.app */;
			productType = "com.apple.product-type.application";
		};
/* End PBXNativeTarget section */

/* Begin PBXProject section */
		A79867DF1F9599CF00E4D64A /* Project object */ = {
			isa = PBXProject;
			attributes = {
				LastSwiftUpdateCheck = 0900;
				LastUpgradeCheck = 0900;
				ORGANIZATIONNAME = "oliver naser";
				TargetAttributes = {
					A79867E61F9599CF00E4D64A = {
						CreatedOnToolsVersion = 9.0;
						ProvisioningStyle = Automatic;
					};
				};
			};
			buildConfigurationList = A79867E21F9599CF00E4D64A /* Build configuration list for PBXProject "WeatherGift" */;
			compatibilityVersion = "Xcode 8.0";
			developmentRegion = en;
			hasScannedForEncodings = 0;
			knownRegions = (
				en,
				Base,
			);
			mainGroup = A79867DE1F9599CF00E4D64A;
			productRefGroup = A79867E81F9599CF00E4D64A /* Products */;
			projectDirPath = "";
			projectRoot = "";
			targets = (
				A79867E61F9599CF00E4D64A /* WeatherGift */,
			);
		};
/* End PBXProject section */

/* Begin PBXResourcesBuildPhase section */
		A79867E51F9599CF00E4D64A /* Resources */ = {
			isa = PBXResourcesBuildPhase;
			buildActionMask = 2147483647;
			files = (
				A79867F51F9599CF00E4D64A /* LaunchScreen.storyboard in Resources */,
				A79867F21F9599CF00E4D64A /* Assets.xcassets in Resources */,
				A79867F01F9599CF00E4D64A /* Main.storyboard in Resources */,
			);
			runOnlyForDeploymentPostprocessing = 0;
		};
/* End PBXResourcesBuildPhase section */

/* Begin PBXShellScriptBuildPhase section */
		7C84D6E624D355B33C5A35AA /* [CP] Copy Pods Resources */ = {
			isa = PBXShellScriptBuildPhase;
			buildActionMask = 2147483647;
			files = (
			);
			inputPaths = (
				"${SRCROOT}/Pods/Target Support Files/Pods-WeatherGift/Pods-WeatherGift-resources.sh",
				"${PODS_ROOT}/GooglePlaces/Frameworks/GooglePlaces.framework/Resources/GooglePlaces.bundle",
			);
			name = "[CP] Copy Pods Resources";
			outputPaths = (
				"${TARGET_BUILD_DIR}/${UNLOCALIZED_RESOURCES_FOLDER_PATH}",
			);
			runOnlyForDeploymentPostprocessing = 0;
			shellPath = /bin/sh;
			shellScript = "\"${SRCROOT}/Pods/Target Support Files/Pods-WeatherGift/Pods-WeatherGift-resources.sh\"\n";
			showEnvVarsInLog = 0;
		};
		AF3E3F769BF115146A70BE92 /* [CP] Check Pods Manifest.lock */ = {
			isa = PBXShellScriptBuildPhase;
			buildActionMask = 2147483647;
			files = (
			);
			inputPaths = (
				"${PODS_PODFILE_DIR_PATH}/Podfile.lock",
				"${PODS_ROOT}/Manifest.lock",
			);
			name = "[CP] Check Pods Manifest.lock";
			outputPaths = (
				"$(DERIVED_FILE_DIR)/Pods-WeatherGift-checkManifestLockResult.txt",
			);
			runOnlyForDeploymentPostprocessing = 0;
			shellPath = /bin/sh;
			shellScript = "diff \"${PODS_PODFILE_DIR_PATH}/Podfile.lock\" \"${PODS_ROOT}/Manifest.lock\" > /dev/null\nif [ $? != 0 ] ; then\n    # print error to STDERR\n    echo \"error: The sandbox is not in sync with the Podfile.lock. Run 'pod install' or update your CocoaPods installation.\" >&2\n    exit 1\nfi\n# This output is used by Xcode 'outputs' to avoid re-running this script phase.\necho \"SUCCESS\" > \"${SCRIPT_OUTPUT_FILE_0}\"\n";
			showEnvVarsInLog = 0;
		};
		D924CFD5DEB660E3E4FBEA21 /* [CP] Embed Pods Frameworks */ = {
			isa = PBXShellScriptBuildPhase;
			buildActionMask = 2147483647;
			files = (
			);
			inputPaths = (
				"${SRCROOT}/Pods/Target Support Files/Pods-WeatherGift/Pods-WeatherGift-frameworks.sh",
				"${BUILT_PRODUCTS_DIR}/Alamofire/Alamofire.framework",
				"${BUILT_PRODUCTS_DIR}/SwiftyJSON/SwiftyJSON.framework",
			);
			name = "[CP] Embed Pods Frameworks";
			outputPaths = (
				"${TARGET_BUILD_DIR}/${FRAMEWORKS_FOLDER_PATH}/Alamofire.framework",
				"${TARGET_BUILD_DIR}/${FRAMEWORKS_FOLDER_PATH}/SwiftyJSON.framework",
			);
			runOnlyForDeploymentPostprocessing = 0;
			shellPath = /bin/sh;
			shellScript = "\"${SRCROOT}/Pods/Target Support Files/Pods-WeatherGift/Pods-WeatherGift-frameworks.sh\"\n";
			showEnvVarsInLog = 0;
		};
/* End PBXShellScriptBuildPhase section */

/* Begin PBXSourcesBuildPhase section */
		A79867E31F9599CF00E4D64A /* Sources */ = {
			isa = PBXSourcesBuildPhase;
			buildActionMask = 2147483647;
			files = (
				A7F54FF41FA67B200059ACB2 /* DayWeatherCell.swift in Sources */,
				A7F54FF01FA521970059ACB2 /* WeatherLocation.swift in Sources */,
				A7E5A56E1F95AB5200591E98 /* DetailVC.swift in Sources */,
				A79868011F95A0F800E4D64A /* ListVC.swift in Sources */,
				A7E5A56C1F95A43100591E98 /* PageVC.swift in Sources */,
				A79867EB1F9599CF00E4D64A /* AppDelegate.swift in Sources */,
				A7F54FF21FA53F4E0059ACB2 /* constants.swift in Sources */,
			);
			runOnlyForDeploymentPostprocessing = 0;
		};
/* End PBXSourcesBuildPhase section */

/* Begin PBXVariantGroup section */
		A79867EE1F9599CF00E4D64A /* Main.storyboard */ = {
			isa = PBXVariantGroup;
			children = (
				A79867EF1F9599CF00E4D64A /* Base */,
			);
			name = Main.storyboard;
			sourceTree = "<group>";
		};
		A79867F31F9599CF00E4D64A /* LaunchScreen.storyboard */ = {
			isa = PBXVariantGroup;
			children = (
				A79867F41F9599CF00E4D64A /* Base */,
			);
			name = LaunchScreen.storyboard;
			sourceTree = "<group>";
		};
/* End PBXVariantGroup section */

/* Begin XCBuildConfiguration section */
		A79867F71F9599CF00E4D64A /* Debug */ = {
			isa = XCBuildConfiguration;
			buildSettings = {
				ALWAYS_SEARCH_USER_PATHS = NO;
				CLANG_ANALYZER_NONNULL = YES;
				CLANG_ANALYZER_NUMBER_OBJECT_CONVERSION = YES_AGGRESSIVE;
				CLANG_CXX_LANGUAGE_STANDARD = "gnu++14";
				CLANG_CXX_LIBRARY = "libc++";
				CLANG_ENABLE_MODULES = YES;
				CLANG_ENABLE_OBJC_ARC = YES;
				CLANG_WARN_BLOCK_CAPTURE_AUTORELEASING = YES;
				CLANG_WARN_BOOL_CONVERSION = YES;
				CLANG_WARN_COMMA = YES;
				CLANG_WARN_CONSTANT_CONVERSION = YES;
				CLANG_WARN_DIRECT_OBJC_ISA_USAGE = YES_ERROR;
				CLANG_WARN_DOCUMENTATION_COMMENTS = YES;
				CLANG_WARN_EMPTY_BODY = YES;
				CLANG_WARN_ENUM_CONVERSION = YES;
				CLANG_WARN_INFINITE_RECURSION = YES;
				CLANG_WARN_INT_CONVERSION = YES;
				CLANG_WARN_NON_LITERAL_NULL_CONVERSION = YES;
				CLANG_WARN_OBJC_LITERAL_CONVERSION = YES;
				CLANG_WARN_OBJC_ROOT_CLASS = YES_ERROR;
				CLANG_WARN_RANGE_LOOP_ANALYSIS = YES;
				CLANG_WARN_STRICT_PROTOTYPES = YES;
				CLANG_WARN_SUSPICIOUS_MOVE = YES;
				CLANG_WARN_UNGUARDED_AVAILABILITY = YES_AGGRESSIVE;
				CLANG_WARN_UNREACHABLE_CODE = YES;
				CLANG_WARN__DUPLICATE_METHOD_MATCH = YES;
				CODE_SIGN_IDENTITY = "iPhone Developer";
				COPY_PHASE_STRIP = NO;
				DEBUG_INFORMATION_FORMAT = dwarf;
				ENABLE_STRICT_OBJC_MSGSEND = YES;
				ENABLE_TESTABILITY = YES;
				GCC_C_LANGUAGE_STANDARD = gnu11;
				GCC_DYNAMIC_NO_PIC = NO;
				GCC_NO_COMMON_BLOCKS = YES;
				GCC_OPTIMIZATION_LEVEL = 0;
				GCC_PREPROCESSOR_DEFINITIONS = (
					"DEBUG=1",
					"$(inherited)",
				);
				GCC_WARN_64_TO_32_BIT_CONVERSION = YES;
				GCC_WARN_ABOUT_RETURN_TYPE = YES_ERROR;
				GCC_WARN_UNDECLARED_SELECTOR = YES;
				GCC_WARN_UNINITIALIZED_AUTOS = YES_AGGRESSIVE;
				GCC_WARN_UNUSED_FUNCTION = YES;
				GCC_WARN_UNUSED_VARIABLE = YES;
				IPHONEOS_DEPLOYMENT_TARGET = 11.0;
				MTL_ENABLE_DEBUG_INFO = YES;
				ONLY_ACTIVE_ARCH = YES;
				SDKROOT = iphoneos;
				SWIFT_ACTIVE_COMPILATION_CONDITIONS = DEBUG;
				SWIFT_OPTIMIZATION_LEVEL = "-Onone";
			};
			name = Debug;
		};
		A79867F81F9599CF00E4D64A /* Release */ = {
			isa = XCBuildConfiguration;
			buildSettings = {
				ALWAYS_SEARCH_USER_PATHS = NO;
				CLANG_ANALYZER_NONNULL = YES;
				CLANG_ANALYZER_NUMBER_OBJECT_CONVERSION = YES_AGGRESSIVE;
				CLANG_CXX_LANGUAGE_STANDARD = "gnu++14";
				CLANG_CXX_LIBRARY = "libc++";
				CLANG_ENABLE_MODULES = YES;
				CLANG_ENABLE_OBJC_ARC = YES;
				CLANG_WARN_BLOCK_CAPTURE_AUTORELEASING = YES;
				CLANG_WARN_BOOL_CONVERSION = YES;
				CLANG_WARN_COMMA = YES;
				CLANG_WARN_CONSTANT_CONVERSION = YES;
				CLANG_WARN_DIRECT_OBJC_ISA_USAGE = YES_ERROR;
				CLANG_WARN_DOCUMENTATION_COMMENTS = YES;
				CLANG_WARN_EMPTY_BODY = YES;
				CLANG_WARN_ENUM_CONVERSION = YES;
				CLANG_WARN_INFINITE_RECURSION = YES;
				CLANG_WARN_INT_CONVERSION = YES;
				CLANG_WARN_NON_LITERAL_NULL_CONVERSION = YES;
				CLANG_WARN_OBJC_LITERAL_CONVERSION = YES;
				CLANG_WARN_OBJC_ROOT_CLASS = YES_ERROR;
				CLANG_WARN_RANGE_LOOP_ANALYSIS = YES;
				CLANG_WARN_STRICT_PROTOTYPES = YES;
				CLANG_WARN_SUSPICIOUS_MOVE = YES;
				CLANG_WARN_UNGUARDED_AVAILABILITY = YES_AGGRESSIVE;
				CLANG_WARN_UNREACHABLE_CODE = YES;
				CLANG_WARN__DUPLICATE_METHOD_MATCH = YES;
				CODE_SIGN_IDENTITY = "iPhone Developer";
				COPY_PHASE_STRIP = NO;
				DEBUG_INFORMATION_FORMAT = "dwarf-with-dsym";
				ENABLE_NS_ASSERTIONS = NO;
				ENABLE_STRICT_OBJC_MSGSEND = YES;
				GCC_C_LANGUAGE_STANDARD = gnu11;
				GCC_NO_COMMON_BLOCKS = YES;
				GCC_WARN_64_TO_32_BIT_CONVERSION = YES;
				GCC_WARN_ABOUT_RETURN_TYPE = YES_ERROR;
				GCC_WARN_UNDECLARED_SELECTOR = YES;
				GCC_WARN_UNINITIALIZED_AUTOS = YES_AGGRESSIVE;
				GCC_WARN_UNUSED_FUNCTION = YES;
				GCC_WARN_UNUSED_VARIABLE = YES;
				IPHONEOS_DEPLOYMENT_TARGET = 11.0;
				MTL_ENABLE_DEBUG_INFO = NO;
				SDKROOT = iphoneos;
				SWIFT_OPTIMIZATION_LEVEL = "-Owholemodule";
				VALIDATE_PRODUCT = YES;
			};
			name = Release;
		};
		A79867FA1F9599CF00E4D64A /* Debug */ = {
			isa = XCBuildConfiguration;
			baseConfigurationReference = 62F525CB0F68D6DC1D72CC85 /* Pods-WeatherGift.debug.xcconfig */;
			buildSettings = {
				ASSETCATALOG_COMPILER_APPICON_NAME = AppIcon;
				CODE_SIGN_STYLE = Automatic;
				INFOPLIST_FILE = WeatherGift/Info.plist;
				IPHONEOS_DEPLOYMENT_TARGET = 11.0;
				LD_RUNPATH_SEARCH_PATHS = "$(inherited) @executable_path/Frameworks";
				PRODUCT_BUNDLE_IDENTIFIER = olinaser.WeatherGift;
				PRODUCT_NAME = "$(TARGET_NAME)";
				SWIFT_VERSION = 4.0;
				TARGETED_DEVICE_FAMILY = "1,2";
			};
			name = Debug;
		};
		A79867FB1F9599CF00E4D64A /* Release */ = {
			isa = XCBuildConfiguration;
			baseConfigurationReference = 76E6328A2ECFDD8DEB85DF58 /* Pods-WeatherGift.release.xcconfig */;
			buildSettings = {
				ASSETCATALOG_COMPILER_APPICON_NAME = AppIcon;
				CODE_SIGN_STYLE = Automatic;
				INFOPLIST_FILE = WeatherGift/Info.plist;
				IPHONEOS_DEPLOYMENT_TARGET = 11.0;
				LD_RUNPATH_SEARCH_PATHS = "$(inherited) @executable_path/Frameworks";
				PRODUCT_BUNDLE_IDENTIFIER = olinaser.WeatherGift;
				PRODUCT_NAME = "$(TARGET_NAME)";
				SWIFT_VERSION = 4.0;
				TARGETED_DEVICE_FAMILY = "1,2";
			};
			name = Release;
		};
/* End XCBuildConfiguration section */

/* Begin XCConfigurationList section */
		A79867E21F9599CF00E4D64A /* Build configuration list for PBXProject "WeatherGift" */ = {
			isa = XCConfigurationList;
			buildConfigurations = (
				A79867F71F9599CF00E4D64A /* Debug */,
				A79867F81F9599CF00E4D64A /* Release */,
			);
			defaultConfigurationIsVisible = 0;
			defaultConfigurationName = Release;
		};
		A79867F91F9599CF00E4D64A /* Build configuration list for PBXNativeTarget "WeatherGift" */ = {
			isa = XCConfigurationList;
			buildConfigurations = (
				A79867FA1F9599CF00E4D64A /* Debug */,
				A79867FB1F9599CF00E4D64A /* Release */,
			);
			defaultConfigurationIsVisible = 0;
			defaultConfigurationName = Release;
		};
/* End XCConfigurationList section */
	};
	rootObject = A79867DF1F9599CF00E4D64A /* Project object */;
}
